
Microsoft Visual Studio Solution File, Format Version 12.00
# Visual Studio Version 16
VisualStudioVersion = 16.0.30611.23
MinimumVisualStudioVersion = 10.0.40219.1
Project("{FAE04EC0-301F-11D3-BF4B-00C04F79EFBC}") = "Demo.KeyVault.Integration", "Demo.KeyVault.Integration.csproj", "{897FC091-FE81-4FE4-87B4-766E0753508F}"
EndProject
Global
	GlobalSection(SolutionConfigurationPlatforms) = preSolution
		Debug|Any CPU = Debug|Any CPU
		Release|Any CPU = Release|Any CPU
	EndGlobalSection
	GlobalSection(ProjectConfigurationPlatforms) = postSolution
		{897FC091-FE81-4FE4-87B4-766E0753508F}.Debug|Any CPU.ActiveCfg = Debug|Any CPU
		{897FC091-FE81-4FE4-87B4-766E0753508F}.Debug|Any CPU.Build.0 = Debug|Any CPU
		{897FC091-FE81-4FE4-87B4-766E0753508F}.Release|Any CPU.ActiveCfg = Release|Any CPU
		{897FC091-FE81-4FE4-87B4-766E0753508F}.Release|Any CPU.Build.0 = Release|Any CPU
	EndGlobalSection
	GlobalSection(SolutionProperties) = preSolution
		HideSolutionNode = FALSE
	EndGlobalSection
	GlobalSection(ExtensibilityGlobals) = postSolution
		SolutionGuid = {F7B96B5A-3A90-412E-B52E-D5777E199B2C}
	EndGlobalSection
EndGlobal
